{
  "name": "react-native-scale-image-background",
  "version": "1.0.1",
  "lockfileVersion": 1,
  "requires": true,
  "dependencies": {
    "react-native-scale-image": {
      "version": "1.0.1",
      "resolved": "https://registry.npmjs.org/react-native-scale-image/-/react-native-scale-image-1.0.1.tgz",
      "integrity": "sha512-hc8/Ih/HpnPaah3A8mB9o08018cH7iQAawOEqjivNhBK9fSi0pNjed7aSJwMWIF9SLStAwyfoWWBDiN0gxxUBA=="
    }
  }
}
